
Microsoft Visual Studio Solution File, Format Version 12.00
# Visual Studio 14
VisualStudioVersion = 14.0.25420.1
MinimumVisualStudioVersion = 10.0.40219.1
Project("{FAE04EC0-301F-11D3-BF4B-00C04F79EFBC}") = "Parse", "Parse\Parse.csproj", "{8D79E007-6789-4B3E-8ABA-D358B5D8E4D2}"
EndProject
Project("{FAE04EC0-301F-11D3-BF4B-00C04F79EFBC}") = "Parse.Tests", "Parse.Tests\Parse.Tests.csproj", "{D39E0717-DA12-4B91-A546-168A4C37F63E}"
EndProject
Global
	GlobalSection(SolutionConfigurationPlatforms) = preSolution
		Debug|Any CPU = Debug|Any CPU
		Release|Any CPU = Release|Any CPU
	EndGlobalSection
	GlobalSection(ProjectConfigurationPlatforms) = postSolution
		{8D79E007-6789-4B3E-8ABA-D358B5D8E4D2}.Debug|Any CPU.ActiveCfg = Debug|Any CPU
		{8D79E007-6789-4B3E-8ABA-D358B5D8E4D2}.Debug|Any CPU.Build.0 = Debug|Any CPU
		{8D79E007-6789-4B3E-8ABA-D358B5D8E4D2}.Release|Any CPU.ActiveCfg = Release|Any CPU
		{8D79E007-6789-4B3E-8ABA-D358B5D8E4D2}.Release|Any CPU.Build.0 = Release|Any CPU
		{D39E0717-DA12-4B91-A546-168A4C37F63E}.Debug|Any CPU.ActiveCfg = Debug|Any CPU
		{D39E0717-DA12-4B91-A546-168A4C37F63E}.Debug|Any CPU.Build.0 = Debug|Any CPU
		{D39E0717-DA12-4B91-A546-168A4C37F63E}.Release|Any CPU.ActiveCfg = Release|Any CPU
		{D39E0717-DA12-4B91-A546-168A4C37F63E}.Release|Any CPU.Build.0 = Release|Any CPU
	EndGlobalSection
	GlobalSection(SolutionProperties) = preSolution
		HideSolutionNode = FALSE
	EndGlobalSection
EndGlobal
